
Microsoft Visual Studio Solution File, Format Version 12.00
# Visual Studio 15
Project("{FAE04EC0-301F-11D3-BF4B-00C04F79EFBC}") = "VendingKata.Tests", "VendingKata.Tests\VendingKata.Tests.csproj", "{C663A2FA-8CDF-48A7-9CE8-D72376353B88}"
EndProject
Project("{FAE04EC0-301F-11D3-BF4B-00C04F79EFBC}") = "VendingKata", "VendingKata\VendingKata.csproj", "{E7D7DD55-ED47-4F63-AE7E-6E48DEE122BC}"
EndProject
Global
	GlobalSection(SolutionConfigurationPlatforms) = preSolution
		Debug|Any CPU = Debug|Any CPU
		Release|Any CPU = Release|Any CPU
	EndGlobalSection
	GlobalSection(ProjectConfigurationPlatforms) = postSolution
		{C663A2FA-8CDF-48A7-9CE8-D72376353B88}.Debug|Any CPU.ActiveCfg = Debug|Any CPU
		{C663A2FA-8CDF-48A7-9CE8-D72376353B88}.Debug|Any CPU.Build.0 = Debug|Any CPU
		{C663A2FA-8CDF-48A7-9CE8-D72376353B88}.Release|Any CPU.ActiveCfg = Release|Any CPU
		{C663A2FA-8CDF-48A7-9CE8-D72376353B88}.Release|Any CPU.Build.0 = Release|Any CPU
		{E7D7DD55-ED47-4F63-AE7E-6E48DEE122BC}.Debug|Any CPU.ActiveCfg = Debug|Any CPU
		{E7D7DD55-ED47-4F63-AE7E-6E48DEE122BC}.Debug|Any CPU.Build.0 = Debug|Any CPU
		{E7D7DD55-ED47-4F63-AE7E-6E48DEE122BC}.Release|Any CPU.ActiveCfg = Release|Any CPU
		{E7D7DD55-ED47-4F63-AE7E-6E48DEE122BC}.Release|Any CPU.Build.0 = Release|Any CPU
	EndGlobalSection
EndGlobal
